
Microsoft Visual Studio Solution File, Format Version 12.00
# Visual Studio Version 16
VisualStudioVersion = 16.0.30204.135
MinimumVisualStudioVersion = 10.0.40219.1
Project("{9A19103F-16F7-4668-BE54-9A1E7A4F7556}") = "StructureToOrganize", "StructureToOrganize\StructureToOrganize.csproj", "{125DEFA0-ABA6-4394-A3CA-9BCD6B7322A4}"
EndProject
Project("{FAE04EC0-301F-11D3-BF4B-00C04F79EFBC}") = "XUnitTestStructureToOrganize", "XUnitTestStructureToOrganize\XUnitTestStructureToOrganize.csproj", "{B0466BC8-896F-424A-B019-3271259B1DA5}"
EndProject
Global
	GlobalSection(SolutionConfigurationPlatforms) = preSolution
		Debug|Any CPU = Debug|Any CPU
		Release|Any CPU = Release|Any CPU
	EndGlobalSection
	GlobalSection(ProjectConfigurationPlatforms) = postSolution
		{125DEFA0-ABA6-4394-A3CA-9BCD6B7322A4}.Debug|Any CPU.ActiveCfg = Debug|Any CPU
		{125DEFA0-ABA6-4394-A3CA-9BCD6B7322A4}.Debug|Any CPU.Build.0 = Debug|Any CPU
		{125DEFA0-ABA6-4394-A3CA-9BCD6B7322A4}.Release|Any CPU.ActiveCfg = Release|Any CPU
		{125DEFA0-ABA6-4394-A3CA-9BCD6B7322A4}.Release|Any CPU.Build.0 = Release|Any CPU
		{B0466BC8-896F-424A-B019-3271259B1DA5}.Debug|Any CPU.ActiveCfg = Debug|Any CPU
		{B0466BC8-896F-424A-B019-3271259B1DA5}.Debug|Any CPU.Build.0 = Debug|Any CPU
		{B0466BC8-896F-424A-B019-3271259B1DA5}.Release|Any CPU.ActiveCfg = Release|Any CPU
		{B0466BC8-896F-424A-B019-3271259B1DA5}.Release|Any CPU.Build.0 = Release|Any CPU
	EndGlobalSection
	GlobalSection(SolutionProperties) = preSolution
		HideSolutionNode = FALSE
	EndGlobalSection
	GlobalSection(ExtensibilityGlobals) = postSolution
		SolutionGuid = {2E87032E-BE03-4CDC-9673-FB4E7E9F0E40}
	EndGlobalSection
EndGlobal
